
Microsoft Visual Studio Solution File, Format Version 12.00
# Visual Studio Version 17
VisualStudioVersion = 17.8.34408.163
MinimumVisualStudioVersion = 10.0.40219.1
Project("{9A19103F-16F7-4668-BE54-9A1E7A4F7556}") = "SemanticKernelDemo", "SemanticKernelDemo\SemanticKernelDemo.csproj", "{2FCF1111-EFEC-4F70-B414-7D804B322ABF}"
EndProject
Project("{2150E333-8FDC-42A3-9474-1A3956D46DE8}") = "Solution Items", "Solution Items", "{AA23D145-E958-47A9-898B-055A8C55062A}"
	ProjectSection(SolutionItems) = preProject
		.editorconfig = .editorconfig
	EndProjectSection
EndProject
Global
	GlobalSection(SolutionConfigurationPlatforms) = preSolution
		Debug|Any CPU = Debug|Any CPU
		Release|Any CPU = Release|Any CPU
	EndGlobalSection
	GlobalSection(ProjectConfigurationPlatforms) = postSolution
		{2FCF1111-EFEC-4F70-B414-7D804B322ABF}.Debug|Any CPU.ActiveCfg = Debug|Any CPU
		{2FCF1111-EFEC-4F70-B414-7D804B322ABF}.Debug|Any CPU.Build.0 = Debug|Any CPU
		{2FCF1111-EFEC-4F70-B414-7D804B322ABF}.Release|Any CPU.ActiveCfg = Release|Any CPU
		{2FCF1111-EFEC-4F70-B414-7D804B322ABF}.Release|Any CPU.Build.0 = Release|Any CPU
	EndGlobalSection
	GlobalSection(SolutionProperties) = preSolution
		HideSolutionNode = FALSE
	EndGlobalSection
	GlobalSection(ExtensibilityGlobals) = postSolution
		SolutionGuid = {210A0382-0371-4968-84E9-34D06F7DD37E}
	EndGlobalSection
EndGlobal
