
Microsoft Visual Studio Solution File, Format Version 12.00
# Visual Studio Version 17
VisualStudioVersion = 17.8.34408.163
MinimumVisualStudioVersion = 10.0.40219.1
Project("{FAE04EC0-301F-11D3-BF4B-00C04F79EFBC}") = "SemanticKernelDemo", "SemanticKernelDemo\SemanticKernelDemo.csproj", "{2FCF1111-EFEC-4F70-B414-7D804B322ABF}"
EndProject
Global
	GlobalSection(SolutionConfigurationPlatforms) = preSolution
		Debug|Any CPU = Debug|Any CPU
		Release|Any CPU = Release|Any CPU
	EndGlobalSection
	GlobalSection(ProjectConfigurationPlatforms) = postSolution
		{2FCF1111-EFEC-4F70-B414-7D804B322ABF}.Debug|Any CPU.ActiveCfg = Debug|Any CPU
		{2FCF1111-EFEC-4F70-B414-7D804B322ABF}.Debug|Any CPU.Build.0 = Debug|Any CPU
		{2FCF1111-EFEC-4F70-B414-7D804B322ABF}.Release|Any CPU.ActiveCfg = Release|Any CPU
		{2FCF1111-EFEC-4F70-B414-7D804B322ABF}.Release|Any CPU.Build.0 = Release|Any CPU
	EndGlobalSection
	GlobalSection(SolutionProperties) = preSolution
		HideSolutionNode = FALSE
	EndGlobalSection
	GlobalSection(ExtensibilityGlobals) = postSolution
		SolutionGuid = {210A0382-0371-4968-84E9-34D06F7DD37E}
	EndGlobalSection
EndGlobal
