
Microsoft Visual Studio Solution File, Format Version 12.00
# Visual Studio Version 16
VisualStudioVersion = 16.0.30804.86
MinimumVisualStudioVersion = 10.0.40219.1
Project("{2150E333-8FDC-42A3-9474-1A3956D46DE8}") = "Reflection", "Reflection", "{E4F3FACB-4207-417D-B620-E8BACB62BCAD}"
EndProject
Project("{9A19103F-16F7-4668-BE54-9A1E7A4F7556}") = "CodeGeneratorDemo.ReflectionDemo", "CodeGeneratorDemo.ReflectionDemo\CodeGeneratorDemo.ReflectionDemo.csproj", "{5B6E473D-D44B-47C6-9569-33C081928C1F}"
EndProject
Project("{9A19103F-16F7-4668-BE54-9A1E7A4F7556}") = "CodeGeneratorDemo.Client", "CodeGeneratorDemo.Client\CodeGeneratorDemo.Client.csproj", "{3BA097CA-E5C1-4471-9B5C-31652FF76283}"
EndProject
Project("{2150E333-8FDC-42A3-9474-1A3956D46DE8}") = "T4Template", "T4Template", "{38849327-135A-4FC5-93CB-95716CBA88E0}"
EndProject
Project("{9A19103F-16F7-4668-BE54-9A1E7A4F7556}") = "CodeGeneratorDemo.T4TemplateDemo", "CodeGeneratorDemo.T4TemplateDemo\CodeGeneratorDemo.T4TemplateDemo.csproj", "{5142E1B8-D52A-419D-9AAA-4C808E29B59E}"
EndProject
Project("{2150E333-8FDC-42A3-9474-1A3956D46DE8}") = "SourceGenerators", "SourceGenerators", "{5EAA592E-81CE-4B7C-8EF9-A8D51AF9FD5E}"
EndProject
Project("{9A19103F-16F7-4668-BE54-9A1E7A4F7556}") = "CodeGeneratorDemo.SourceGeneratorDemo", "CodeGeneratorDemo.SourceGeneratorDemo\CodeGeneratorDemo.SourceGeneratorDemo.csproj", "{F2C6354E-081C-41C3-8736-576CB870AD51}"
EndProject
Project("{9A19103F-16F7-4668-BE54-9A1E7A4F7556}") = "CodeGeneratorDemo.ReflectionDemo.Core", "CodeGeneratorDemo.ReflectionDemo.Core\CodeGeneratorDemo.ReflectionDemo.Core.csproj", "{188F47A7-60E6-48D2-BC04-BF88B7868737}"
EndProject
Global
	GlobalSection(SolutionConfigurationPlatforms) = preSolution
		Debug|Any CPU = Debug|Any CPU
		Release|Any CPU = Release|Any CPU
	EndGlobalSection
	GlobalSection(ProjectConfigurationPlatforms) = postSolution
		{5B6E473D-D44B-47C6-9569-33C081928C1F}.Debug|Any CPU.ActiveCfg = Debug|Any CPU
		{5B6E473D-D44B-47C6-9569-33C081928C1F}.Debug|Any CPU.Build.0 = Debug|Any CPU
		{5B6E473D-D44B-47C6-9569-33C081928C1F}.Release|Any CPU.ActiveCfg = Release|Any CPU
		{5B6E473D-D44B-47C6-9569-33C081928C1F}.Release|Any CPU.Build.0 = Release|Any CPU
		{3BA097CA-E5C1-4471-9B5C-31652FF76283}.Debug|Any CPU.ActiveCfg = Debug|Any CPU
		{3BA097CA-E5C1-4471-9B5C-31652FF76283}.Debug|Any CPU.Build.0 = Debug|Any CPU
		{3BA097CA-E5C1-4471-9B5C-31652FF76283}.Release|Any CPU.ActiveCfg = Release|Any CPU
		{3BA097CA-E5C1-4471-9B5C-31652FF76283}.Release|Any CPU.Build.0 = Release|Any CPU
		{5142E1B8-D52A-419D-9AAA-4C808E29B59E}.Debug|Any CPU.ActiveCfg = Debug|Any CPU
		{5142E1B8-D52A-419D-9AAA-4C808E29B59E}.Debug|Any CPU.Build.0 = Debug|Any CPU
		{5142E1B8-D52A-419D-9AAA-4C808E29B59E}.Release|Any CPU.ActiveCfg = Release|Any CPU
		{5142E1B8-D52A-419D-9AAA-4C808E29B59E}.Release|Any CPU.Build.0 = Release|Any CPU
		{F2C6354E-081C-41C3-8736-576CB870AD51}.Debug|Any CPU.ActiveCfg = Debug|Any CPU
		{F2C6354E-081C-41C3-8736-576CB870AD51}.Debug|Any CPU.Build.0 = Debug|Any CPU
		{F2C6354E-081C-41C3-8736-576CB870AD51}.Release|Any CPU.ActiveCfg = Release|Any CPU
		{F2C6354E-081C-41C3-8736-576CB870AD51}.Release|Any CPU.Build.0 = Release|Any CPU
		{188F47A7-60E6-48D2-BC04-BF88B7868737}.Debug|Any CPU.ActiveCfg = Debug|Any CPU
		{188F47A7-60E6-48D2-BC04-BF88B7868737}.Debug|Any CPU.Build.0 = Debug|Any CPU
		{188F47A7-60E6-48D2-BC04-BF88B7868737}.Release|Any CPU.ActiveCfg = Release|Any CPU
		{188F47A7-60E6-48D2-BC04-BF88B7868737}.Release|Any CPU.Build.0 = Release|Any CPU
	EndGlobalSection
	GlobalSection(SolutionProperties) = preSolution
		HideSolutionNode = FALSE
	EndGlobalSection
	GlobalSection(NestedProjects) = preSolution
		{5B6E473D-D44B-47C6-9569-33C081928C1F} = {E4F3FACB-4207-417D-B620-E8BACB62BCAD}
		{5142E1B8-D52A-419D-9AAA-4C808E29B59E} = {38849327-135A-4FC5-93CB-95716CBA88E0}
		{F2C6354E-081C-41C3-8736-576CB870AD51} = {5EAA592E-81CE-4B7C-8EF9-A8D51AF9FD5E}
		{188F47A7-60E6-48D2-BC04-BF88B7868737} = {E4F3FACB-4207-417D-B620-E8BACB62BCAD}
	EndGlobalSection
	GlobalSection(ExtensibilityGlobals) = postSolution
		SolutionGuid = {C741CA45-6898-4B47-8F32-893F25839416}
	EndGlobalSection
EndGlobal
